// !$*UTF8*$!
{
	archiveVersion = 1;
	classes = {
	};
	objectVersion = 50;
	objects = {

/* Begin PBXBuildFile section */
		B561FE7621CBB4DA004DC99D /* AppDelegate.swift in Sources */ = {isa = PBXBuildFile; fileRef = B561FE7521CBB4DA004DC99D /* AppDelegate.swift */; };
		B561FE7821CBB4DA004DC99D /* ViewController.swift in Sources */ = {isa = PBXBuildFile; fileRef = B561FE7721CBB4DA004DC99D /* ViewController.swift */; };
		B561FE7B21CBB4DA004DC99D /* Main.storyboard in Resources */ = {isa = PBXBuildFile; fileRef = B561FE7921CBB4DA004DC99D /* Main.storyboard */; };
		B561FE7D21CBB4DE004DC99D /* Assets.xcassets in Resources */ = {isa = PBXBuildFile; fileRef = B561FE7C21CBB4DE004DC99D /* Assets.xcassets */; };
		B561FE8021CBB4DE004DC99D /* LaunchScreen.storyboard in Resources */ = {isa = PBXBuildFile; fileRef = B561FE7E21CBB4DE004DC99D /* LaunchScreen.storyboard */; };
		B561FE8821CBB540004DC99D /* input.txt in Resources */ = {isa = PBXBuildFile; fileRef = B561FE8721CBB540004DC99D /* input.txt */; };
		B561FE8D21CBB7CC004DC99D /* mean.metal in Sources */ = {isa = PBXBuildFile; fileRef = B561FE8C21CBB7CC004DC99D /* mean.metal */; };
		B5BC567121D4B8F500E20D46 /* Float16.swift in Sources */ = {isa = PBXBuildFile; fileRef = B5BC566D21D4B8F500E20D46 /* Float16.swift */; };
		B5BC567221D4B8F500E20D46 /* Random.swift in Sources */ = {isa = PBXBuildFile; fileRef = B5BC566E21D4B8F500E20D46 /* Random.swift */; };
		B5BC567321D4B8F500E20D46 /* MTLBuffer+Array.swift in Sources */ = {isa = PBXBuildFile; fileRef = B5BC566F21D4B8F500E20D46 /* MTLBuffer+Array.swift */; };
		B5BC567421D4B8F500E20D46 /* MTLTexture+Array.swift in Sources */ = {isa = PBXBuildFile; fileRef = B5BC567021D4B8F500E20D46 /* MTLTexture+Array.swift */; };
/* End PBXBuildFile section */

/* Begin PBXFileReference section */
		B561FE7221CBB4DA004DC99D /* MeanShiftiOS.app */ = {isa = PBXFileReference; explicitFileType = wrapper.application; includeInIndex = 0; path = MeanShiftiOS.app; sourceTree = BUILT_PRODUCTS_DIR; };
		B561FE7521CBB4DA004DC99D /* AppDelegate.swift */ = {isa = PBXFileReference; lastKnownFileType = sourcecode.swift; path = AppDelegate.swift; sourceTree = "<group>"; };
		B561FE7721CBB4DA004DC99D /* ViewController.swift */ = {isa = PBXFileReference; lastKnownFileType = sourcecode.swift; path = ViewController.swift; sourceTree = "<group>"; };
		B561FE7A21CBB4DA004DC99D /* Base */ = {isa = PBXFileReference; lastKnownFileType = file.storyboard; name = Base; path = Base.lproj/Main.storyboard; sourceTree = "<group>"; };
		B561FE7C21CBB4DE004DC99D /* Assets.xcassets */ = {isa = PBXFileReference; lastKnownFileType = folder.assetcatalog; path = Assets.xcassets; sourceTree = "<group>"; };
		B561FE7F21CBB4DE004DC99D /* Base */ = {isa = PBXFileReference; lastKnownFileType = file.storyboard; name = Base; path = Base.lproj/LaunchScreen.storyboard; sourceTree = "<group>"; };
		B561FE8121CBB4DE004DC99D /* Info.plist */ = {isa = PBXFileReference; lastKnownFileType = text.plist.xml; path = Info.plist; sourceTree = "<group>"; };
		B561FE8721CBB540004DC99D /* input.txt */ = {isa = PBXFileReference; fileEncoding = 4; lastKnownFileType = text; path = input.txt; sourceTree = "<group>"; };
		B561FE8C21CBB7CC004DC99D /* mean.metal */ = {isa = PBXFileReference; lastKnownFileType = sourcecode.metal; path = mean.metal; sourceTree = "<group>"; };
		B5BC566D21D4B8F500E20D46 /* Float16.swift */ = {isa = PBXFileReference; fileEncoding = 4; lastKnownFileType = sourcecode.swift; path = Float16.swift; sourceTree = "<group>"; };
		B5BC566E21D4B8F500E20D46 /* Random.swift */ = {isa = PBXFileReference; fileEncoding = 4; lastKnownFileType = sourcecode.swift; path = Random.swift; sourceTree = "<group>"; };
		B5BC566F21D4B8F500E20D46 /* MTLBuffer+Array.swift */ = {isa = PBXFileReference; fileEncoding = 4; lastKnownFileType = sourcecode.swift; path = "MTLBuffer+Array.swift"; sourceTree = "<group>"; };
		B5BC567021D4B8F500E20D46 /* MTLTexture+Array.swift */ = {isa = PBXFileReference; fileEncoding = 4; lastKnownFileType = sourcecode.swift; path = "MTLTexture+Array.swift"; sourceTree = "<group>"; };
/* End PBXFileReference section */

/* Begin PBXFrameworksBuildPhase section */
		B561FE6F21CBB4DA004DC99D /* Frameworks */ = {
			isa = PBXFrameworksBuildPhase;
			buildActionMask = 2147483647;
			files = (
			);
			runOnlyForDeploymentPostprocessing = 0;
		};
/* End PBXFrameworksBuildPhase section */

/* Begin PBXGroup section */
		B561FE6921CBB4DA004DC99D = {
			isa = PBXGroup;
			children = (
				B561FE7421CBB4DA004DC99D /* MeanShiftiOS */,
				B561FE7321CBB4DA004DC99D /* Products */,
			);
			sourceTree = "<group>";
		};
		B561FE7321CBB4DA004DC99D /* Products */ = {
			isa = PBXGroup;
			children = (
				B561FE7221CBB4DA004DC99D /* MeanShiftiOS.app */,
			);
			name = Products;
			sourceTree = "<group>";
		};
		B561FE7421CBB4DA004DC99D /* MeanShiftiOS */ = {
			isa = PBXGroup;
			children = (
				B5BC566D21D4B8F500E20D46 /* Float16.swift */,
				B5BC566F21D4B8F500E20D46 /* MTLBuffer+Array.swift */,
				B5BC567021D4B8F500E20D46 /* MTLTexture+Array.swift */,
				B5BC566E21D4B8F500E20D46 /* Random.swift */,
				B561FE8C21CBB7CC004DC99D /* mean.metal */,
				B561FE8721CBB540004DC99D /* input.txt */,
				B561FE7521CBB4DA004DC99D /* AppDelegate.swift */,
				B561FE7721CBB4DA004DC99D /* ViewController.swift */,
				B561FE7921CBB4DA004DC99D /* Main.storyboard */,
				B561FE7C21CBB4DE004DC99D /* Assets.xcassets */,
				B561FE7E21CBB4DE004DC99D /* LaunchScreen.storyboard */,
				B561FE8121CBB4DE004DC99D /* Info.plist */,
			);
			path = MeanShiftiOS;
			sourceTree = "<group>";
		};
/* End PBXGroup section */

/* Begin PBXNativeTarget section */
		B561FE7121CBB4DA004DC99D /* MeanShiftiOS */ = {
			isa = PBXNativeTarget;
			buildConfigurationList = B561FE8421CBB4DE004DC99D /* Build configuration list for PBXNativeTarget "MeanShiftiOS" */;
			buildPhases = (
				B561FE6E21CBB4DA004DC99D /* Sources */,
				B561FE6F21CBB4DA004DC99D /* Frameworks */,
				B561FE7021CBB4DA004DC99D /* Resources */,
			);
			buildRules = (
			);
			dependencies = (
			);
			name = MeanShiftiOS;
			productName = MeanShiftiOS;
			productReference = B561FE7221CBB4DA004DC99D /* MeanShiftiOS.app */;
			productType = "com.apple.product-type.application";
		};
/* End PBXNativeTarget section */

/* Begin PBXProject section */
		B561FE6A21CBB4DA004DC99D /* Project object */ = {
			isa = PBXProject;
			attributes = {
				LastSwiftUpdateCheck = 1010;
				LastUpgradeCheck = 1010;
				ORGANIZATIONNAME = Mapbox;
				TargetAttributes = {
					B561FE7121CBB4DA004DC99D = {
						CreatedOnToolsVersion = 10.1;
					};
				};
			};
			buildConfigurationList = B561FE6D21CBB4DA004DC99D /* Build configuration list for PBXProject "MeanShiftiOS" */;
			compatibilityVersion = "Xcode 9.3";
			developmentRegion = en;
			hasScannedForEncodings = 0;
			knownRegions = (
				en,
				Base,
			);
			mainGroup = B561FE6921CBB4DA004DC99D;
			productRefGroup = B561FE7321CBB4DA004DC99D /* Products */;
			projectDirPath = "";
			projectRoot = "";
			targets = (
				B561FE7121CBB4DA004DC99D /* MeanShiftiOS */,
			);
		};
/* End PBXProject section */

/* Begin PBXResourcesBuildPhase section */
		B561FE7021CBB4DA004DC99D /* Resources */ = {
			isa = PBXResourcesBuildPhase;
			buildActionMask = 2147483647;
			files = (
				B561FE8021CBB4DE004DC99D /* LaunchScreen.storyboard in Resources */,
				B561FE7D21CBB4DE004DC99D /* Assets.xcassets in Resources */,
				B561FE7B21CBB4DA004DC99D /* Main.storyboard in Resources */,
				B561FE8821CBB540004DC99D /* input.txt in Resources */,
			);
			runOnlyForDeploymentPostprocessing = 0;
		};
/* End PBXResourcesBuildPhase section */

/* Begin PBXSourcesBuildPhase section */
		B561FE6E21CBB4DA004DC99D /* Sources */ = {
			isa = PBXSourcesBuildPhase;
			buildActionMask = 2147483647;
			files = (
				B561FE8D21CBB7CC004DC99D /* mean.metal in Sources */,
				B5BC567421D4B8F500E20D46 /* MTLTexture+Array.swift in Sources */,
				B5BC567121D4B8F500E20D46 /* Float16.swift in Sources */,
				B5BC567221D4B8F500E20D46 /* Random.swift in Sources */,
				B5BC567321D4B8F500E20D46 /* MTLBuffer+Array.swift in Sources */,
				B561FE7821CBB4DA004DC99D /* ViewController.swift in Sources */,
				B561FE7621CBB4DA004DC99D /* AppDelegate.swift in Sources */,
			);
			runOnlyForDeploymentPostprocessing = 0;
		};
/* End PBXSourcesBuildPhase section */

/* Begin PBXVariantGroup section */
		B561FE7921CBB4DA004DC99D /* Main.storyboard */ = {
			isa = PBXVariantGroup;
			children = (
				B561FE7A21CBB4DA004DC99D /* Base */,
			);
			name = Main.storyboard;
			sourceTree = "<group>";
		};
		B561FE7E21CBB4DE004DC99D /* LaunchScreen.storyboard */ = {
			isa = PBXVariantGroup;
			children = (
				B561FE7F21CBB4DE004DC99D /* Base */,
			);
			name = LaunchScreen.storyboard;
			sourceTree = "<group>";
		};
/* End PBXVariantGroup section */

/* Begin XCBuildConfiguration section */
		B561FE8221CBB4DE004DC99D /* Debug */ = {
			isa = XCBuildConfiguration;
			buildSettings = {
				ALWAYS_SEARCH_USER_PATHS = NO;
				CLANG_ANALYZER_NONNULL = YES;
				CLANG_ANALYZER_NUMBER_OBJECT_CONVERSION = YES_AGGRESSIVE;
				CLANG_CXX_LANGUAGE_STANDARD = "gnu++14";
				CLANG_CXX_LIBRARY = "libc++";
				CLANG_ENABLE_MODULES = YES;
				CLANG_ENABLE_OBJC_ARC = YES;
				CLANG_ENABLE_OBJC_WEAK = YES;
				CLANG_WARN_BLOCK_CAPTURE_AUTORELEASING = YES;
				CLANG_WARN_BOOL_CONVERSION = YES;
				CLANG_WARN_COMMA = YES;
				CLANG_WARN_CONSTANT_CONVERSION = YES;
				CLANG_WARN_DEPRECATED_OBJC_IMPLEMENTATIONS = YES;
				CLANG_WARN_DIRECT_OBJC_ISA_USAGE = YES_ERROR;
				CLANG_WARN_DOCUMENTATION_COMMENTS = YES;
				CLANG_WARN_EMPTY_BODY = YES;
				CLANG_WARN_ENUM_CONVERSION = YES;
				CLANG_WARN_INFINITE_RECURSION = YES;
				CLANG_WARN_INT_CONVERSION = YES;
				CLANG_WARN_NON_LITERAL_NULL_CONVERSION = YES;
				CLANG_WARN_OBJC_IMPLICIT_RETAIN_SELF = YES;
				CLANG_WARN_OBJC_LITERAL_CONVERSION = YES;
				CLANG_WARN_OBJC_ROOT_CLASS = YES_ERROR;
				CLANG_WARN_RANGE_LOOP_ANALYSIS = YES;
				CLANG_WARN_STRICT_PROTOTYPES = YES;
				CLANG_WARN_SUSPICIOUS_MOVE = YES;
				CLANG_WARN_UNGUARDED_AVAILABILITY = YES_AGGRESSIVE;
				CLANG_WARN_UNREACHABLE_CODE = YES;
				CLANG_WARN__DUPLICATE_METHOD_MATCH = YES;
				CODE_SIGN_IDENTITY = "iPhone Developer";
				COPY_PHASE_STRIP = NO;
				DEBUG_INFORMATION_FORMAT = dwarf;
				ENABLE_STRICT_OBJC_MSGSEND = YES;
				ENABLE_TESTABILITY = YES;
				GCC_C_LANGUAGE_STANDARD = gnu11;
				GCC_DYNAMIC_NO_PIC = NO;
				GCC_NO_COMMON_BLOCKS = YES;
				GCC_OPTIMIZATION_LEVEL = 0;
				GCC_PREPROCESSOR_DEFINITIONS = (
					"DEBUG=1",
					"$(inherited)",
				);
				GCC_WARN_64_TO_32_BIT_CONVERSION = YES;
				GCC_WARN_ABOUT_RETURN_TYPE = YES_ERROR;
				GCC_WARN_UNDECLARED_SELECTOR = YES;
				GCC_WARN_UNINITIALIZED_AUTOS = YES_AGGRESSIVE;
				GCC_WARN_UNUSED_FUNCTION = YES;
				GCC_WARN_UNUSED_VARIABLE = YES;
				IPHONEOS_DEPLOYMENT_TARGET = 12.1;
				MTL_ENABLE_DEBUG_INFO = INCLUDE_SOURCE;
				MTL_FAST_MATH = YES;
				ONLY_ACTIVE_ARCH = YES;
				SDKROOT = iphoneos;
				SWIFT_ACTIVE_COMPILATION_CONDITIONS = DEBUG;
				SWIFT_OPTIMIZATION_LEVEL = "-Onone";
			};
			name = Debug;
		};
		B561FE8321CBB4DE004DC99D /* Release */ = {
			isa = XCBuildConfiguration;
			buildSettings = {
				ALWAYS_SEARCH_USER_PATHS = NO;
				CLANG_ANALYZER_NONNULL = YES;
				CLANG_ANALYZER_NUMBER_OBJECT_CONVERSION = YES_AGGRESSIVE;
				CLANG_CXX_LANGUAGE_STANDARD = "gnu++14";
				CLANG_CXX_LIBRARY = "libc++";
				CLANG_ENABLE_MODULES = YES;
				CLANG_ENABLE_OBJC_ARC = YES;
				CLANG_ENABLE_OBJC_WEAK = YES;
				CLANG_WARN_BLOCK_CAPTURE_AUTORELEASING = YES;
				CLANG_WARN_BOOL_CONVERSION = YES;
				CLANG_WARN_COMMA = YES;
				CLANG_WARN_CONSTANT_CONVERSION = YES;
				CLANG_WARN_DEPRECATED_OBJC_IMPLEMENTATIONS = YES;
				CLANG_WARN_DIRECT_OBJC_ISA_USAGE = YES_ERROR;
				CLANG_WARN_DOCUMENTATION_COMMENTS = YES;
				CLANG_WARN_EMPTY_BODY = YES;
				CLANG_WARN_ENUM_CONVERSION = YES;
				CLANG_WARN_INFINITE_RECURSION = YES;
				CLANG_WARN_INT_CONVERSION = YES;
				CLANG_WARN_NON_LITERAL_NULL_CONVERSION = YES;
				CLANG_WARN_OBJC_IMPLICIT_RETAIN_SELF = YES;
				CLANG_WARN_OBJC_LITERAL_CONVERSION = YES;
				CLANG_WARN_OBJC_ROOT_CLASS = YES_ERROR;
				CLANG_WARN_RANGE_LOOP_ANALYSIS = YES;
				CLANG_WARN_STRICT_PROTOTYPES = YES;
				CLANG_WARN_SUSPICIOUS_MOVE = YES;
				CLANG_WARN_UNGUARDED_AVAILABILITY = YES_AGGRESSIVE;
				CLANG_WARN_UNREACHABLE_CODE = YES;
				CLANG_WARN__DUPLICATE_METHOD_MATCH = YES;
				CODE_SIGN_IDENTITY = "iPhone Developer";
				COPY_PHASE_STRIP = NO;
				DEBUG_INFORMATION_FORMAT = "dwarf-with-dsym";
				ENABLE_NS_ASSERTIONS = NO;
				ENABLE_STRICT_OBJC_MSGSEND = YES;
				GCC_C_LANGUAGE_STANDARD = gnu11;
				GCC_NO_COMMON_BLOCKS = YES;
				GCC_WARN_64_TO_32_BIT_CONVERSION = YES;
				GCC_WARN_ABOUT_RETURN_TYPE = YES_ERROR;
				GCC_WARN_UNDECLARED_SELECTOR = YES;
				GCC_WARN_UNINITIALIZED_AUTOS = YES_AGGRESSIVE;
				GCC_WARN_UNUSED_FUNCTION = YES;
				GCC_WARN_UNUSED_VARIABLE = YES;
				IPHONEOS_DEPLOYMENT_TARGET = 12.1;
				MTL_ENABLE_DEBUG_INFO = NO;
				MTL_FAST_MATH = YES;
				SDKROOT = iphoneos;
				SWIFT_COMPILATION_MODE = wholemodule;
				SWIFT_OPTIMIZATION_LEVEL = "-O";
				VALIDATE_PRODUCT = YES;
			};
			name = Release;
		};
		B561FE8521CBB4DE004DC99D /* Debug */ = {
			isa = XCBuildConfiguration;
			buildSettings = {
				ASSETCATALOG_COMPILER_APPICON_NAME = AppIcon;
				CODE_SIGN_STYLE = Automatic;
				DEVELOPMENT_TEAM = GJZR2MEM28;
				INFOPLIST_FILE = MeanShiftiOS/Info.plist;
				LD_RUNPATH_SEARCH_PATHS = (
					"$(inherited)",
					"@executable_path/Frameworks",
				);
				PRODUCT_BUNDLE_IDENTIFIER = com.mapbox.MeanShiftiOS;
				PRODUCT_NAME = "$(TARGET_NAME)";
				SWIFT_VERSION = 4.2;
				TARGETED_DEVICE_FAMILY = "1,2";
			};
			name = Debug;
		};
		B561FE8621CBB4DE004DC99D /* Release */ = {
			isa = XCBuildConfiguration;
			buildSettings = {
				ASSETCATALOG_COMPILER_APPICON_NAME = AppIcon;
				CODE_SIGN_STYLE = Automatic;
				DEVELOPMENT_TEAM = GJZR2MEM28;
				INFOPLIST_FILE = MeanShiftiOS/Info.plist;
				LD_RUNPATH_SEARCH_PATHS = (
					"$(inherited)",
					"@executable_path/Frameworks",
				);
				PRODUCT_BUNDLE_IDENTIFIER = com.mapbox.MeanShiftiOS;
				PRODUCT_NAME = "$(TARGET_NAME)";
				SWIFT_VERSION = 4.2;
				TARGETED_DEVICE_FAMILY = "1,2";
			};
			name = Release;
		};
/* End XCBuildConfiguration section */

/* Begin XCConfigurationList section */
		B561FE6D21CBB4DA004DC99D /* Build configuration list for PBXProject "MeanShiftiOS" */ = {
			isa = XCConfigurationList;
			buildConfigurations = (
				B561FE8221CBB4DE004DC99D /* Debug */,
				B561FE8321CBB4DE004DC99D /* Release */,
			);
			defaultConfigurationIsVisible = 0;
			defaultConfigurationName = Release;
		};
		B561FE8421CBB4DE004DC99D /* Build configuration list for PBXNativeTarget "MeanShiftiOS" */ = {
			isa = XCConfigurationList;
			buildConfigurations = (
				B561FE8521CBB4DE004DC99D /* Debug */,
				B561FE8621CBB4DE004DC99D /* Release */,
			);
			defaultConfigurationIsVisible = 0;
			defaultConfigurationName = Release;
		};
/* End XCConfigurationList section */
	};
	rootObject = B561FE6A21CBB4DA004DC99D /* Project object */;
}
